
Microsoft Visual Studio Solution File, Format Version 12.00
# Visual Studio Version 17
VisualStudioVersion = 17.9.34728.123
MinimumVisualStudioVersion = 10.0.40219.1
Project("{9A19103F-16F7-4668-BE54-9A1E7A4F7556}") = "Presentation", "Presentation\Presentation.csproj", "{2AD522EE-06F7-4249-8331-A7319A970352}"
EndProject
Project("{9A19103F-16F7-4668-BE54-9A1E7A4F7556}") = "IdentityServer", "IdentityServer\IdentityServer.csproj", "{607D1396-8A75-49A7-8EE7-FB0BBC911BB4}"
EndProject
Project("{9A19103F-16F7-4668-BE54-9A1E7A4F7556}") = "ClientConsoleApp", "ClientConsoleApp\ClientConsoleApp.csproj", "{6B7A09D0-FE41-4B8B-9F9D-9DFAA6C01C3B}"
EndProject
Project("{9A19103F-16F7-4668-BE54-9A1E7A4F7556}") = "InteractiveIdentityClient", "InteractiveIdentityClient\InteractiveIdentityClient.csproj", "{7FFE0E81-A14A-4FC5-AF09-E4E6498BE03B}"
EndProject
Project("{FAE04EC0-301F-11D3-BF4B-00C04F79EFBC}") = "ApiProject", "ApiProject\ApiProject.csproj", "{2B166F3B-22F7-4DC1-9A3B-88089B122515}"
EndProject
Global
	GlobalSection(SolutionConfigurationPlatforms) = preSolution
		Debug|Any CPU = Debug|Any CPU
		Release|Any CPU = Release|Any CPU
	EndGlobalSection
	GlobalSection(ProjectConfigurationPlatforms) = postSolution
		{2AD522EE-06F7-4249-8331-A7319A970352}.Debug|Any CPU.ActiveCfg = Debug|Any CPU
		{2AD522EE-06F7-4249-8331-A7319A970352}.Debug|Any CPU.Build.0 = Debug|Any CPU
		{2AD522EE-06F7-4249-8331-A7319A970352}.Release|Any CPU.ActiveCfg = Release|Any CPU
		{2AD522EE-06F7-4249-8331-A7319A970352}.Release|Any CPU.Build.0 = Release|Any CPU
		{607D1396-8A75-49A7-8EE7-FB0BBC911BB4}.Debug|Any CPU.ActiveCfg = Debug|Any CPU
		{607D1396-8A75-49A7-8EE7-FB0BBC911BB4}.Debug|Any CPU.Build.0 = Debug|Any CPU
		{607D1396-8A75-49A7-8EE7-FB0BBC911BB4}.Release|Any CPU.ActiveCfg = Release|Any CPU
		{607D1396-8A75-49A7-8EE7-FB0BBC911BB4}.Release|Any CPU.Build.0 = Release|Any CPU
		{6B7A09D0-FE41-4B8B-9F9D-9DFAA6C01C3B}.Debug|Any CPU.ActiveCfg = Debug|Any CPU
		{6B7A09D0-FE41-4B8B-9F9D-9DFAA6C01C3B}.Debug|Any CPU.Build.0 = Debug|Any CPU
		{6B7A09D0-FE41-4B8B-9F9D-9DFAA6C01C3B}.Release|Any CPU.ActiveCfg = Release|Any CPU
		{6B7A09D0-FE41-4B8B-9F9D-9DFAA6C01C3B}.Release|Any CPU.Build.0 = Release|Any CPU
		{7FFE0E81-A14A-4FC5-AF09-E4E6498BE03B}.Debug|Any CPU.ActiveCfg = Debug|Any CPU
		{7FFE0E81-A14A-4FC5-AF09-E4E6498BE03B}.Debug|Any CPU.Build.0 = Debug|Any CPU
		{7FFE0E81-A14A-4FC5-AF09-E4E6498BE03B}.Release|Any CPU.ActiveCfg = Release|Any CPU
		{7FFE0E81-A14A-4FC5-AF09-E4E6498BE03B}.Release|Any CPU.Build.0 = Release|Any CPU
		{2B166F3B-22F7-4DC1-9A3B-88089B122515}.Debug|Any CPU.ActiveCfg = Debug|Any CPU
		{2B166F3B-22F7-4DC1-9A3B-88089B122515}.Debug|Any CPU.Build.0 = Debug|Any CPU
		{2B166F3B-22F7-4DC1-9A3B-88089B122515}.Release|Any CPU.ActiveCfg = Release|Any CPU
		{2B166F3B-22F7-4DC1-9A3B-88089B122515}.Release|Any CPU.Build.0 = Release|Any CPU
	EndGlobalSection
	GlobalSection(SolutionProperties) = preSolution
		HideSolutionNode = FALSE
	EndGlobalSection
	GlobalSection(ExtensibilityGlobals) = postSolution
		SolutionGuid = {4E2FC586-7E6C-4C4C-A9A3-C55BD9A0A2AB}
	EndGlobalSection
EndGlobal
